
Microsoft Visual Studio Solution File, Format Version 12.00
# Visual Studio Version 17
VisualStudioVersion = 17.9.34902.65
MinimumVisualStudioVersion = 10.0.40219.1
Project("{FAE04EC0-301F-11D3-BF4B-00C04F79EFBC}") = "ContactManager", "ContactManager.csproj", "{80C06FDE-5383-4547-A944-1DB5421C818A}"
EndProject
Global
	GlobalSection(SolutionConfigurationPlatforms) = preSolution
		Debug|Any CPU = Debug|Any CPU
		Release|Any CPU = Release|Any CPU
	EndGlobalSection
	GlobalSection(ProjectConfigurationPlatforms) = postSolution
		{80C06FDE-5383-4547-A944-1DB5421C818A}.Debug|Any CPU.ActiveCfg = Debug|Any CPU
		{80C06FDE-5383-4547-A944-1DB5421C818A}.Debug|Any CPU.Build.0 = Debug|Any CPU
		{80C06FDE-5383-4547-A944-1DB5421C818A}.Release|Any CPU.ActiveCfg = Release|Any CPU
		{80C06FDE-5383-4547-A944-1DB5421C818A}.Release|Any CPU.Build.0 = Release|Any CPU
	EndGlobalSection
	GlobalSection(SolutionProperties) = preSolution
		HideSolutionNode = FALSE
	EndGlobalSection
	GlobalSection(ExtensibilityGlobals) = postSolution
		SolutionGuid = {6B947EF3-BDE3-4887-8EDC-9FB72C94C8F8}
	EndGlobalSection
EndGlobal
